
Microsoft Visual Studio Solution File, Format Version 12.00
# Visual Studio 15
VisualStudioVersion = 15.0.27428.2037
MinimumVisualStudioVersion = 10.0.40219.1
Project("{FAE04EC0-301F-11D3-BF4B-00C04F79EFBC}") = "lab 10 circle", "lab 10 circle\lab 10 circle.csproj", "{A304D41C-210F-4FEC-9CF8-ADDBAED64335}"
EndProject
Global
	GlobalSection(SolutionConfigurationPlatforms) = preSolution
		Debug|Any CPU = Debug|Any CPU
		Release|Any CPU = Release|Any CPU
	EndGlobalSection
	GlobalSection(ProjectConfigurationPlatforms) = postSolution
		{A304D41C-210F-4FEC-9CF8-ADDBAED64335}.Debug|Any CPU.ActiveCfg = Debug|Any CPU
		{A304D41C-210F-4FEC-9CF8-ADDBAED64335}.Debug|Any CPU.Build.0 = Debug|Any CPU
		{A304D41C-210F-4FEC-9CF8-ADDBAED64335}.Release|Any CPU.ActiveCfg = Release|Any CPU
		{A304D41C-210F-4FEC-9CF8-ADDBAED64335}.Release|Any CPU.Build.0 = Release|Any CPU
	EndGlobalSection
	GlobalSection(SolutionProperties) = preSolution
		HideSolutionNode = FALSE
	EndGlobalSection
	GlobalSection(ExtensibilityGlobals) = postSolution
		SolutionGuid = {782F3572-2AA7-4D64-B059-BF0BE59E812C}
	EndGlobalSection
EndGlobal
